
Microsoft Visual Studio Solution File, Format Version 12.00
# Visual Studio Version 17
VisualStudioVersion = 17.5.002.0
MinimumVisualStudioVersion = 10.0.40219.1
Project("{9A19103F-16F7-4668-BE54-9A1E7A4F7556}") = "Tasc1", "Tasc1\Tasc1.csproj", "{FC7F6FB0-C2DE-4ED3-B690-17AEFB6DE943}"
EndProject
Project("{9A19103F-16F7-4668-BE54-9A1E7A4F7556}") = "Tasc2", "Tasc2\Tasc2.csproj", "{82B79359-2E1D-4473-88AC-AF5A26A92098}"
EndProject
Project("{9A19103F-16F7-4668-BE54-9A1E7A4F7556}") = "Tasc3", "Tasc3\Tasc3.csproj", "{DF7A6602-15EA-46FA-9061-446DC089F926}"
EndProject
Global
	GlobalSection(SolutionConfigurationPlatforms) = preSolution
		Debug|Any CPU = Debug|Any CPU
		Release|Any CPU = Release|Any CPU
	EndGlobalSection
	GlobalSection(ProjectConfigurationPlatforms) = postSolution
		{FC7F6FB0-C2DE-4ED3-B690-17AEFB6DE943}.Debug|Any CPU.ActiveCfg = Debug|Any CPU
		{FC7F6FB0-C2DE-4ED3-B690-17AEFB6DE943}.Debug|Any CPU.Build.0 = Debug|Any CPU
		{FC7F6FB0-C2DE-4ED3-B690-17AEFB6DE943}.Release|Any CPU.ActiveCfg = Release|Any CPU
		{FC7F6FB0-C2DE-4ED3-B690-17AEFB6DE943}.Release|Any CPU.Build.0 = Release|Any CPU
		{82B79359-2E1D-4473-88AC-AF5A26A92098}.Debug|Any CPU.ActiveCfg = Debug|Any CPU
		{82B79359-2E1D-4473-88AC-AF5A26A92098}.Debug|Any CPU.Build.0 = Debug|Any CPU
		{82B79359-2E1D-4473-88AC-AF5A26A92098}.Release|Any CPU.ActiveCfg = Release|Any CPU
		{82B79359-2E1D-4473-88AC-AF5A26A92098}.Release|Any CPU.Build.0 = Release|Any CPU
		{DF7A6602-15EA-46FA-9061-446DC089F926}.Debug|Any CPU.ActiveCfg = Debug|Any CPU
		{DF7A6602-15EA-46FA-9061-446DC089F926}.Debug|Any CPU.Build.0 = Debug|Any CPU
		{DF7A6602-15EA-46FA-9061-446DC089F926}.Release|Any CPU.ActiveCfg = Release|Any CPU
		{DF7A6602-15EA-46FA-9061-446DC089F926}.Release|Any CPU.Build.0 = Release|Any CPU
	EndGlobalSection
	GlobalSection(SolutionProperties) = preSolution
		HideSolutionNode = FALSE
	EndGlobalSection
	GlobalSection(ExtensibilityGlobals) = postSolution
		SolutionGuid = {ECD3AB17-B920-4EBE-9CE2-37CD02816F60}
	EndGlobalSection
EndGlobal
